
Microsoft Visual Studio Solution File, Format Version 12.00
# Visual Studio 15
VisualStudioVersion = 15.0.27428.2011
MinimumVisualStudioVersion = 10.0.40219.1
Project("{888888A0-9F3D-457C-B088-3A5042F75D52}") = "MazeSolver", "MazeSolver\MazeSolver.pyproj", "{C421DAA1-FD38-4010-8FB0-540C2F246FF6}"
EndProject
Global
	GlobalSection(SolutionConfigurationPlatforms) = preSolution
		Debug|Any CPU = Debug|Any CPU
		Release|Any CPU = Release|Any CPU
	EndGlobalSection
	GlobalSection(ProjectConfigurationPlatforms) = postSolution
		{C421DAA1-FD38-4010-8FB0-540C2F246FF6}.Debug|Any CPU.ActiveCfg = Debug|Any CPU
		{C421DAA1-FD38-4010-8FB0-540C2F246FF6}.Release|Any CPU.ActiveCfg = Release|Any CPU
	EndGlobalSection
	GlobalSection(SolutionProperties) = preSolution
		HideSolutionNode = FALSE
	EndGlobalSection
	GlobalSection(ExtensibilityGlobals) = postSolution
		SolutionGuid = {D6E619A8-C6E0-4D1B-837C-A8F29961BE06}
	EndGlobalSection
EndGlobal
